
Microsoft Visual Studio Solution File, Format Version 12.00
Project("{FAE04EC0-301F-11D3-BF4B-00C04F79EFBC}") = "Lyra.Core", "Lyra.Core\Lyra.Core.csproj", "{291BAAEC-CBE6-4D0F-B8D8-8A2306A36672}"
EndProject
Project("{FAE04EC0-301F-11D3-BF4B-00C04F79EFBC}") = "Lyra.Imaging", "Lyra.Imaging\Lyra.Imaging.csproj", "{E1BE3B56-8332-4AB0-8CDF-A1C003B34FDF}"
EndProject
Project("{FAE04EC0-301F-11D3-BF4B-00C04F79EFBC}") = "Lyra.Common", "Lyra.Common\Lyra.Common.csproj", "{A5F6666A-CCEA-4C20-BDE0-6A05658DA716}"
EndProject
Project("{FAE04EC0-301F-11D3-BF4B-00C04F79EFBC}") = "Lyra.Imaging.Psd", "Lyra.Imaging.Psd\Lyra.Imaging.Psd.csproj", "{C69F4058-5E16-4301-9F84-8DED57BD8368}"
EndProject
Global
	GlobalSection(SolutionConfigurationPlatforms) = preSolution
		Debug|Any CPU = Debug|Any CPU
		Release|Any CPU = Release|Any CPU
	EndGlobalSection
	GlobalSection(ProjectConfigurationPlatforms) = postSolution
		{291BAAEC-CBE6-4D0F-B8D8-8A2306A36672}.Debug|Any CPU.ActiveCfg = Debug|Any CPU
		{291BAAEC-CBE6-4D0F-B8D8-8A2306A36672}.Debug|Any CPU.Build.0 = Debug|Any CPU
		{291BAAEC-CBE6-4D0F-B8D8-8A2306A36672}.Release|Any CPU.ActiveCfg = Release|Any CPU
		{291BAAEC-CBE6-4D0F-B8D8-8A2306A36672}.Release|Any CPU.Build.0 = Release|Any CPU
		{E1BE3B56-8332-4AB0-8CDF-A1C003B34FDF}.Debug|Any CPU.ActiveCfg = Debug|Any CPU
		{E1BE3B56-8332-4AB0-8CDF-A1C003B34FDF}.Debug|Any CPU.Build.0 = Debug|Any CPU
		{E1BE3B56-8332-4AB0-8CDF-A1C003B34FDF}.Release|Any CPU.ActiveCfg = Release|Any CPU
		{E1BE3B56-8332-4AB0-8CDF-A1C003B34FDF}.Release|Any CPU.Build.0 = Release|Any CPU
		{A5F6666A-CCEA-4C20-BDE0-6A05658DA716}.Debug|Any CPU.ActiveCfg = Debug|Any CPU
		{A5F6666A-CCEA-4C20-BDE0-6A05658DA716}.Debug|Any CPU.Build.0 = Debug|Any CPU
		{A5F6666A-CCEA-4C20-BDE0-6A05658DA716}.Release|Any CPU.ActiveCfg = Release|Any CPU
		{A5F6666A-CCEA-4C20-BDE0-6A05658DA716}.Release|Any CPU.Build.0 = Release|Any CPU
		{C69F4058-5E16-4301-9F84-8DED57BD8368}.Debug|Any CPU.ActiveCfg = Debug|Any CPU
		{C69F4058-5E16-4301-9F84-8DED57BD8368}.Debug|Any CPU.Build.0 = Debug|Any CPU
		{C69F4058-5E16-4301-9F84-8DED57BD8368}.Release|Any CPU.ActiveCfg = Release|Any CPU
		{C69F4058-5E16-4301-9F84-8DED57BD8368}.Release|Any CPU.Build.0 = Release|Any CPU
	EndGlobalSection
EndGlobal
